// !$*UTF8*$!
{
	archiveVersion = 1;
	classes = {
	};
	objectVersion = 46;
	objects = {

/* Begin PBXAggregateTarget section */
		"XCTAssertAutolayout::XCTAssertAutolayoutPackageTests::ProductTarget" /* XCTAssertAutolayoutPackageTests */ = {
			isa = PBXAggregateTarget;
			buildConfigurationList = OBJ_62 /* Build configuration list for PBXAggregateTarget "XCTAssertAutolayoutPackageTests" */;
			buildPhases = (
			);
			dependencies = (
				OBJ_65 /* PBXTargetDependency */,
			);
			name = XCTAssertAutolayoutPackageTests;
			productName = XCTAssertAutolayoutPackageTests;
		};
/* End PBXAggregateTarget section */

/* Begin PBXBuildFile section */
		OBJ_38 /* dummy.m in Sources */ = {isa = PBXBuildFile; fileRef = OBJ_9 /* dummy.m */; };
		OBJ_40 /* CXCTAssertAutolayout.h in Headers */ = {isa = PBXBuildFile; fileRef = OBJ_11 /* CXCTAssertAutolayout.h */; settings = {ATTRIBUTES = (Public, ); }; };
		OBJ_47 /* AssertAutolayoutContext.swift in Sources */ = {isa = PBXBuildFile; fileRef = OBJ_14 /* AssertAutolayoutContext.swift */; };
		OBJ_48 /* CFunctionInjector.swift in Sources */ = {isa = PBXBuildFile; fileRef = OBJ_15 /* CFunctionInjector.swift */; };
		OBJ_49 /* Core.swift in Sources */ = {isa = PBXBuildFile; fileRef = OBJ_16 /* Core.swift */; };
		OBJ_50 /* Node.swift in Sources */ = {isa = PBXBuildFile; fileRef = OBJ_17 /* Node.swift */; };
		OBJ_51 /* AssertAutolayout.swift in Sources */ = {isa = PBXBuildFile; fileRef = OBJ_19 /* AssertAutolayout.swift */; };
		OBJ_53 /* CXCTAssertAutolayout.framework in Frameworks */ = {isa = PBXBuildFile; fileRef = "XCTAssertAutolayout::CXCTAssertAutolayout::Product" /* CXCTAssertAutolayout.framework */; };
		OBJ_60 /* Package.swift in Sources */ = {isa = PBXBuildFile; fileRef = OBJ_6 /* Package.swift */; };
		OBJ_71 /* XCTAssertAutolayoutTests.swift in Sources */ = {isa = PBXBuildFile; fileRef = OBJ_22 /* XCTAssertAutolayoutTests.swift */; };
		OBJ_72 /* XCTestManifests.swift in Sources */ = {isa = PBXBuildFile; fileRef = OBJ_23 /* XCTestManifests.swift */; };
		OBJ_74 /* XCTAssertAutolayout.framework in Frameworks */ = {isa = PBXBuildFile; fileRef = "XCTAssertAutolayout::XCTAssertAutolayout::Product" /* XCTAssertAutolayout.framework */; };
		OBJ_75 /* CXCTAssertAutolayout.framework in Frameworks */ = {isa = PBXBuildFile; fileRef = "XCTAssertAutolayout::CXCTAssertAutolayout::Product" /* CXCTAssertAutolayout.framework */; };
/* End PBXBuildFile section */

/* Begin PBXContainerItemProxy section */
		D62F65462296526C00175D64 /* PBXContainerItemProxy */ = {
			isa = PBXContainerItemProxy;
			containerPortal = OBJ_1 /* Project object */;
			proxyType = 1;
			remoteGlobalIDString = "XCTAssertAutolayout::CXCTAssertAutolayout";
			remoteInfo = CXCTAssertAutolayout;
		};
		D62F65472296526C00175D64 /* PBXContainerItemProxy */ = {
			isa = PBXContainerItemProxy;
			containerPortal = OBJ_1 /* Project object */;
			proxyType = 1;
			remoteGlobalIDString = "XCTAssertAutolayout::XCTAssertAutolayout";
			remoteInfo = XCTAssertAutolayout;
		};
		D62F65482296526C00175D64 /* PBXContainerItemProxy */ = {
			isa = PBXContainerItemProxy;
			containerPortal = OBJ_1 /* Project object */;
			proxyType = 1;
			remoteGlobalIDString = "XCTAssertAutolayout::CXCTAssertAutolayout";
			remoteInfo = CXCTAssertAutolayout;
		};
		D62F65492296526D00175D64 /* PBXContainerItemProxy */ = {
			isa = PBXContainerItemProxy;
			containerPortal = OBJ_1 /* Project object */;
			proxyType = 1;
			remoteGlobalIDString = "XCTAssertAutolayout::XCTAssertAutolayoutTests";
			remoteInfo = XCTAssertAutolayoutTests;
		};
/* End PBXContainerItemProxy section */

/* Begin PBXFileReference section */
		OBJ_11 /* CXCTAssertAutolayout.h */ = {isa = PBXFileReference; lastKnownFileType = sourcecode.c.h; path = CXCTAssertAutolayout.h; sourceTree = "<group>"; };
		OBJ_14 /* AssertAutolayoutContext.swift */ = {isa = PBXFileReference; lastKnownFileType = sourcecode.swift; path = AssertAutolayoutContext.swift; sourceTree = "<group>"; };
		OBJ_15 /* CFunctionInjector.swift */ = {isa = PBXFileReference; lastKnownFileType = sourcecode.swift; path = CFunctionInjector.swift; sourceTree = "<group>"; };
		OBJ_16 /* Core.swift */ = {isa = PBXFileReference; lastKnownFileType = sourcecode.swift; path = Core.swift; sourceTree = "<group>"; };
		OBJ_17 /* Node.swift */ = {isa = PBXFileReference; lastKnownFileType = sourcecode.swift; path = Node.swift; sourceTree = "<group>"; };
		OBJ_19 /* AssertAutolayout.swift */ = {isa = PBXFileReference; lastKnownFileType = sourcecode.swift; path = AssertAutolayout.swift; sourceTree = "<group>"; };
		OBJ_22 /* XCTAssertAutolayoutTests.swift */ = {isa = PBXFileReference; lastKnownFileType = sourcecode.swift; path = XCTAssertAutolayoutTests.swift; sourceTree = "<group>"; };
		OBJ_23 /* XCTestManifests.swift */ = {isa = PBXFileReference; lastKnownFileType = sourcecode.swift; path = XCTestManifests.swift; sourceTree = "<group>"; };
		OBJ_28 /* XCTAssertAutolayout.xcworkspace */ = {isa = PBXFileReference; lastKnownFileType = wrapper.workspace; path = XCTAssertAutolayout.xcworkspace; sourceTree = SOURCE_ROOT; };
		OBJ_29 /* Readme */ = {isa = PBXFileReference; lastKnownFileType = folder; path = Readme; sourceTree = SOURCE_ROOT; };
		OBJ_32 /* README.md */ = {isa = PBXFileReference; lastKnownFileType = net.daringfireball.markdown; path = README.md; sourceTree = "<group>"; };
		OBJ_6 /* Package.swift */ = {isa = PBXFileReference; explicitFileType = sourcecode.swift; path = Package.swift; sourceTree = "<group>"; };
		OBJ_9 /* dummy.m */ = {isa = PBXFileReference; lastKnownFileType = sourcecode.c.objc; path = dummy.m; sourceTree = "<group>"; };
		"XCTAssertAutolayout::CXCTAssertAutolayout::Product" /* CXCTAssertAutolayout.framework */ = {isa = PBXFileReference; lastKnownFileType = wrapper.framework; path = CXCTAssertAutolayout.framework; sourceTree = BUILT_PRODUCTS_DIR; };
		"XCTAssertAutolayout::XCTAssertAutolayout::Product" /* XCTAssertAutolayout.framework */ = {isa = PBXFileReference; lastKnownFileType = wrapper.framework; path = XCTAssertAutolayout.framework; sourceTree = BUILT_PRODUCTS_DIR; };
		"XCTAssertAutolayout::XCTAssertAutolayoutTests::Product" /* XCTAssertAutolayoutTests.xctest */ = {isa = PBXFileReference; lastKnownFileType = file; path = XCTAssertAutolayoutTests.xctest; sourceTree = BUILT_PRODUCTS_DIR; };
/* End PBXFileReference section */

/* Begin PBXFrameworksBuildPhase section */
		OBJ_41 /* Frameworks */ = {
			isa = PBXFrameworksBuildPhase;
			buildActionMask = 0;
			files = (
			);
			runOnlyForDeploymentPostprocessing = 0;
		};
		OBJ_52 /* Frameworks */ = {
			isa = PBXFrameworksBuildPhase;
			buildActionMask = 0;
			files = (
				OBJ_53 /* CXCTAssertAutolayout.framework in Frameworks */,
			);
			runOnlyForDeploymentPostprocessing = 0;
		};
		OBJ_73 /* Frameworks */ = {
			isa = PBXFrameworksBuildPhase;
			buildActionMask = 0;
			files = (
				OBJ_74 /* XCTAssertAutolayout.framework in Frameworks */,
				OBJ_75 /* CXCTAssertAutolayout.framework in Frameworks */,
			);
			runOnlyForDeploymentPostprocessing = 0;
		};
/* End PBXFrameworksBuildPhase section */

/* Begin PBXGroup section */
		OBJ_10 /* include */ = {
			isa = PBXGroup;
			children = (
				OBJ_11 /* CXCTAssertAutolayout.h */,
			);
			path = include;
			sourceTree = "<group>";
		};
		OBJ_12 /* XCTAssertAutolayout */ = {
			isa = PBXGroup;
			children = (
				OBJ_13 /* Core */,
				OBJ_18 /* Front */,
			);
			name = XCTAssertAutolayout;
			path = Sources/XCTAssertAutolayout;
			sourceTree = SOURCE_ROOT;
		};
		OBJ_13 /* Core */ = {
			isa = PBXGroup;
			children = (
				OBJ_14 /* AssertAutolayoutContext.swift */,
				OBJ_15 /* CFunctionInjector.swift */,
				OBJ_16 /* Core.swift */,
				OBJ_17 /* Node.swift */,
			);
			path = Core;
			sourceTree = "<group>";
		};
		OBJ_18 /* Front */ = {
			isa = PBXGroup;
			children = (
				OBJ_19 /* AssertAutolayout.swift */,
			);
			path = Front;
			sourceTree = "<group>";
		};
		OBJ_20 /* Tests */ = {
			isa = PBXGroup;
			children = (
				OBJ_21 /* XCTAssertAutolayoutTests */,
			);
			name = Tests;
			sourceTree = SOURCE_ROOT;
		};
		OBJ_21 /* XCTAssertAutolayoutTests */ = {
			isa = PBXGroup;
			children = (
				OBJ_22 /* XCTAssertAutolayoutTests.swift */,
				OBJ_23 /* XCTestManifests.swift */,
			);
			name = XCTAssertAutolayoutTests;
			path = Tests/XCTAssertAutolayoutTests;
			sourceTree = SOURCE_ROOT;
		};
		OBJ_24 /* Products */ = {
			isa = PBXGroup;
			children = (
				"XCTAssertAutolayout::CXCTAssertAutolayout::Product" /* CXCTAssertAutolayout.framework */,
				"XCTAssertAutolayout::XCTAssertAutolayout::Product" /* XCTAssertAutolayout.framework */,
				"XCTAssertAutolayout::XCTAssertAutolayoutTests::Product" /* XCTAssertAutolayoutTests.xctest */,
			);
			name = Products;
			sourceTree = BUILT_PRODUCTS_DIR;
		};
		OBJ_5 /*  */ = {
			isa = PBXGroup;
			children = (
				OBJ_6 /* Package.swift */,
				OBJ_7 /* Sources */,
				OBJ_20 /* Tests */,
				OBJ_24 /* Products */,
				OBJ_28 /* XCTAssertAutolayout.xcworkspace */,
				OBJ_29 /* Readme */,
				OBJ_32 /* README.md */,
			);
			name = "";
			sourceTree = "<group>";
		};
		OBJ_7 /* Sources */ = {
			isa = PBXGroup;
			children = (
				OBJ_8 /* CXCTAssertAutolayout */,
				OBJ_12 /* XCTAssertAutolayout */,
			);
			name = Sources;
			sourceTree = SOURCE_ROOT;
		};
		OBJ_8 /* CXCTAssertAutolayout */ = {
			isa = PBXGroup;
			children = (
				OBJ_9 /* dummy.m */,
				OBJ_10 /* include */,
			);
			name = CXCTAssertAutolayout;
			path = Sources/CXCTAssertAutolayout;
			sourceTree = SOURCE_ROOT;
		};
/* End PBXGroup section */

/* Begin PBXHeadersBuildPhase section */
		OBJ_39 /* Headers */ = {
			isa = PBXHeadersBuildPhase;
			buildActionMask = 0;
			files = (
				OBJ_40 /* CXCTAssertAutolayout.h in Headers */,
			);
			runOnlyForDeploymentPostprocessing = 0;
		};
/* End PBXHeadersBuildPhase section */

/* Begin PBXNativeTarget section */
		"XCTAssertAutolayout::CXCTAssertAutolayout" /* CXCTAssertAutolayout */ = {
			isa = PBXNativeTarget;
			buildConfigurationList = OBJ_34 /* Build configuration list for PBXNativeTarget "CXCTAssertAutolayout" */;
			buildPhases = (
				OBJ_37 /* Sources */,
				OBJ_39 /* Headers */,
				OBJ_41 /* Frameworks */,
			);
			buildRules = (
			);
			dependencies = (
			);
			name = CXCTAssertAutolayout;
			productName = CXCTAssertAutolayout;
			productReference = "XCTAssertAutolayout::CXCTAssertAutolayout::Product" /* CXCTAssertAutolayout.framework */;
			productType = "com.apple.product-type.framework";
		};
		"XCTAssertAutolayout::SwiftPMPackageDescription" /* XCTAssertAutolayoutPackageDescription */ = {
			isa = PBXNativeTarget;
			buildConfigurationList = OBJ_56 /* Build configuration list for PBXNativeTarget "XCTAssertAutolayoutPackageDescription" */;
			buildPhases = (
				OBJ_59 /* Sources */,
			);
			buildRules = (
			);
			dependencies = (
			);
			name = XCTAssertAutolayoutPackageDescription;
			productName = XCTAssertAutolayoutPackageDescription;
			productType = "com.apple.product-type.framework";
		};
		"XCTAssertAutolayout::XCTAssertAutolayout" /* XCTAssertAutolayout */ = {
			isa = PBXNativeTarget;
			buildConfigurationList = OBJ_43 /* Build configuration list for PBXNativeTarget "XCTAssertAutolayout" */;
			buildPhases = (
				OBJ_46 /* Sources */,
				OBJ_52 /* Frameworks */,
			);
			buildRules = (
			);
			dependencies = (
				OBJ_54 /* PBXTargetDependency */,
			);
			name = XCTAssertAutolayout;
			productName = XCTAssertAutolayout;
			productReference = "XCTAssertAutolayout::XCTAssertAutolayout::Product" /* XCTAssertAutolayout.framework */;
			productType = "com.apple.product-type.framework";
		};
		"XCTAssertAutolayout::XCTAssertAutolayoutTests" /* XCTAssertAutolayoutTests */ = {
			isa = PBXNativeTarget;
			buildConfigurationList = OBJ_67 /* Build configuration list for PBXNativeTarget "XCTAssertAutolayoutTests" */;
			buildPhases = (
				OBJ_70 /* Sources */,
				OBJ_73 /* Frameworks */,
			);
			buildRules = (
			);
			dependencies = (
				OBJ_76 /* PBXTargetDependency */,
				OBJ_77 /* PBXTargetDependency */,
			);
			name = XCTAssertAutolayoutTests;
			productName = XCTAssertAutolayoutTests;
			productReference = "XCTAssertAutolayout::XCTAssertAutolayoutTests::Product" /* XCTAssertAutolayoutTests.xctest */;
			productType = "com.apple.product-type.bundle.unit-test";
		};
/* End PBXNativeTarget section */

/* Begin PBXProject section */
		OBJ_1 /* Project object */ = {
			isa = PBXProject;
			attributes = {
				LastSwiftMigration = 9999;
				LastUpgradeCheck = 9999;
			};
			buildConfigurationList = OBJ_2 /* Build configuration list for PBXProject "XCTAssertAutolayout" */;
			compatibilityVersion = "Xcode 3.2";
			developmentRegion = English;
			hasScannedForEncodings = 0;
			knownRegions = (
				English,
				en,
			);
			mainGroup = OBJ_5 /*  */;
			productRefGroup = OBJ_24 /* Products */;
			projectDirPath = "";
			projectRoot = "";
			targets = (
				"XCTAssertAutolayout::CXCTAssertAutolayout" /* CXCTAssertAutolayout */,
				"XCTAssertAutolayout::XCTAssertAutolayout" /* XCTAssertAutolayout */,
				"XCTAssertAutolayout::SwiftPMPackageDescription" /* XCTAssertAutolayoutPackageDescription */,
				"XCTAssertAutolayout::XCTAssertAutolayoutPackageTests::ProductTarget" /* XCTAssertAutolayoutPackageTests */,
				"XCTAssertAutolayout::XCTAssertAutolayoutTests" /* XCTAssertAutolayoutTests */,
			);
		};
/* End PBXProject section */

/* Begin PBXSourcesBuildPhase section */
		OBJ_37 /* Sources */ = {
			isa = PBXSourcesBuildPhase;
			buildActionMask = 0;
			files = (
				OBJ_38 /* dummy.m in Sources */,
			);
			runOnlyForDeploymentPostprocessing = 0;
		};
		OBJ_46 /* Sources */ = {
			isa = PBXSourcesBuildPhase;
			buildActionMask = 0;
			files = (
				OBJ_47 /* AssertAutolayoutContext.swift in Sources */,
				OBJ_48 /* CFunctionInjector.swift in Sources */,
				OBJ_49 /* Core.swift in Sources */,
				OBJ_50 /* Node.swift in Sources */,
				OBJ_51 /* AssertAutolayout.swift in Sources */,
			);
			runOnlyForDeploymentPostprocessing = 0;
		};
		OBJ_59 /* Sources */ = {
			isa = PBXSourcesBuildPhase;
			buildActionMask = 0;
			files = (
				OBJ_60 /* Package.swift in Sources */,
			);
			runOnlyForDeploymentPostprocessing = 0;
		};
		OBJ_70 /* Sources */ = {
			isa = PBXSourcesBuildPhase;
			buildActionMask = 0;
			files = (
				OBJ_71 /* XCTAssertAutolayoutTests.swift in Sources */,
				OBJ_72 /* XCTestManifests.swift in Sources */,
			);
			runOnlyForDeploymentPostprocessing = 0;
		};
/* End PBXSourcesBuildPhase section */

/* Begin PBXTargetDependency section */
		OBJ_54 /* PBXTargetDependency */ = {
			isa = PBXTargetDependency;
			target = "XCTAssertAutolayout::CXCTAssertAutolayout" /* CXCTAssertAutolayout */;
			targetProxy = D62F65462296526C00175D64 /* PBXContainerItemProxy */;
		};
		OBJ_65 /* PBXTargetDependency */ = {
			isa = PBXTargetDependency;
			target = "XCTAssertAutolayout::XCTAssertAutolayoutTests" /* XCTAssertAutolayoutTests */;
			targetProxy = D62F65492296526D00175D64 /* PBXContainerItemProxy */;
		};
		OBJ_76 /* PBXTargetDependency */ = {
			isa = PBXTargetDependency;
			target = "XCTAssertAutolayout::XCTAssertAutolayout" /* XCTAssertAutolayout */;
			targetProxy = D62F65472296526C00175D64 /* PBXContainerItemProxy */;
		};
		OBJ_77 /* PBXTargetDependency */ = {
			isa = PBXTargetDependency;
			target = "XCTAssertAutolayout::CXCTAssertAutolayout" /* CXCTAssertAutolayout */;
			targetProxy = D62F65482296526C00175D64 /* PBXContainerItemProxy */;
		};
/* End PBXTargetDependency section */

/* Begin XCBuildConfiguration section */
		OBJ_3 /* Debug */ = {
			isa = XCBuildConfiguration;
			buildSettings = {
				CLANG_ENABLE_OBJC_ARC = YES;
				COMBINE_HIDPI_IMAGES = YES;
				COPY_PHASE_STRIP = NO;
				DEBUG_INFORMATION_FORMAT = dwarf;
				DYLIB_INSTALL_NAME_BASE = "@rpath";
				ENABLE_NS_ASSERTIONS = YES;
				GCC_OPTIMIZATION_LEVEL = 0;
				GCC_PREPROCESSOR_DEFINITIONS = (
					"$(inherited)",
					"SWIFT_PACKAGE=1",
					"DEBUG=1",
				);
				MACOSX_DEPLOYMENT_TARGET = 10.10;
				ONLY_ACTIVE_ARCH = YES;
				OTHER_SWIFT_FLAGS = "-DXcode";
				PRODUCT_NAME = "$(TARGET_NAME)";
				SDKROOT = macosx;
				SUPPORTED_PLATFORMS = "macosx iphoneos iphonesimulator appletvos appletvsimulator watchos watchsimulator";
				SWIFT_ACTIVE_COMPILATION_CONDITIONS = "$(inherited) SWIFT_PACKAGE DEBUG";
				SWIFT_OPTIMIZATION_LEVEL = "-Onone";
				USE_HEADERMAP = NO;
			};
			name = Debug;
		};
		OBJ_35 /* Debug */ = {
			isa = XCBuildConfiguration;
			buildSettings = {
				CLANG_ENABLE_MODULES = YES;
				DEFINES_MODULE = YES;
				ENABLE_TESTABILITY = YES;
				FRAMEWORK_SEARCH_PATHS = (
					"$(inherited)",
					"$(PLATFORM_DIR)/Developer/Library/Frameworks",
				);
				HEADER_SEARCH_PATHS = (
					"$(inherited)",
					"$(SRCROOT)/Sources/CXCTAssertAutolayout/include",
				);
				INFOPLIST_FILE = XCTAssertAutolayout.xcodeproj/CXCTAssertAutolayout_Info.plist;
				IPHONEOS_DEPLOYMENT_TARGET = 9.0;
				LD_RUNPATH_SEARCH_PATHS = "$(inherited) $(TOOLCHAIN_DIR)/usr/lib/swift/macosx";
				MACOSX_DEPLOYMENT_TARGET = 10.10;
				OTHER_CFLAGS = "$(inherited)";
				OTHER_LDFLAGS = "$(inherited)";
				OTHER_SWIFT_FLAGS = "$(inherited)";
				PRODUCT_BUNDLE_IDENTIFIER = CXCTAssertAutolayout;
				PRODUCT_MODULE_NAME = "$(TARGET_NAME:c99extidentifier)";
				PRODUCT_NAME = "$(TARGET_NAME:c99extidentifier)";
				SKIP_INSTALL = YES;
				SWIFT_ACTIVE_COMPILATION_CONDITIONS = "$(inherited)";
				TARGET_NAME = CXCTAssertAutolayout;
				TVOS_DEPLOYMENT_TARGET = 9.0;
				WATCHOS_DEPLOYMENT_TARGET = 2.0;
			};
			name = Debug;
		};
		OBJ_36 /* Release */ = {
			isa = XCBuildConfiguration;
			buildSettings = {
				CLANG_ENABLE_MODULES = YES;
				DEFINES_MODULE = YES;
				ENABLE_TESTABILITY = YES;
				FRAMEWORK_SEARCH_PATHS = (
					"$(inherited)",
					"$(PLATFORM_DIR)/Developer/Library/Frameworks",
				);
				HEADER_SEARCH_PATHS = (
					"$(inherited)",
					"$(SRCROOT)/Sources/CXCTAssertAutolayout/include",
				);
				INFOPLIST_FILE = XCTAssertAutolayout.xcodeproj/CXCTAssertAutolayout_Info.plist;
				IPHONEOS_DEPLOYMENT_TARGET = 9.0;
				LD_RUNPATH_SEARCH_PATHS = "$(inherited) $(TOOLCHAIN_DIR)/usr/lib/swift/macosx";
				MACOSX_DEPLOYMENT_TARGET = 10.10;
				OTHER_CFLAGS = "$(inherited)";
				OTHER_LDFLAGS = "$(inherited)";
				OTHER_SWIFT_FLAGS = "$(inherited)";
				PRODUCT_BUNDLE_IDENTIFIER = CXCTAssertAutolayout;
				PRODUCT_MODULE_NAME = "$(TARGET_NAME:c99extidentifier)";
				PRODUCT_NAME = "$(TARGET_NAME:c99extidentifier)";
				SKIP_INSTALL = YES;
				SWIFT_ACTIVE_COMPILATION_CONDITIONS = "$(inherited)";
				TARGET_NAME = CXCTAssertAutolayout;
				TVOS_DEPLOYMENT_TARGET = 9.0;
				WATCHOS_DEPLOYMENT_TARGET = 2.0;
			};
			name = Release;
		};
		OBJ_4 /* Release */ = {
			isa = XCBuildConfiguration;
			buildSettings = {
				CLANG_ENABLE_OBJC_ARC = YES;
				COMBINE_HIDPI_IMAGES = YES;
				COPY_PHASE_STRIP = YES;
				DEBUG_INFORMATION_FORMAT = "dwarf-with-dsym";
				DYLIB_INSTALL_NAME_BASE = "@rpath";
				GCC_OPTIMIZATION_LEVEL = s;
				GCC_PREPROCESSOR_DEFINITIONS = (
					"$(inherited)",
					"SWIFT_PACKAGE=1",
				);
				MACOSX_DEPLOYMENT_TARGET = 10.10;
				OTHER_SWIFT_FLAGS = "-DXcode";
				PRODUCT_NAME = "$(TARGET_NAME)";
				SDKROOT = macosx;
				SUPPORTED_PLATFORMS = "macosx iphoneos iphonesimulator appletvos appletvsimulator watchos watchsimulator";
				SWIFT_ACTIVE_COMPILATION_CONDITIONS = "$(inherited) SWIFT_PACKAGE";
				SWIFT_OPTIMIZATION_LEVEL = "-Owholemodule";
				USE_HEADERMAP = NO;
			};
			name = Release;
		};
		OBJ_44 /* Debug */ = {
			isa = XCBuildConfiguration;
			buildSettings = {
				ENABLE_TESTABILITY = YES;
				FRAMEWORK_SEARCH_PATHS = (
					"$(inherited)",
					"$(PLATFORM_DIR)/Developer/Library/Frameworks",
				);
				HEADER_SEARCH_PATHS = (
					"$(inherited)",
					"$(SRCROOT)/Sources/CXCTAssertAutolayout/include",
				);
				INFOPLIST_FILE = XCTAssertAutolayout.xcodeproj/XCTAssertAutolayout_Info.plist;
				IPHONEOS_DEPLOYMENT_TARGET = 9.0;
				LD_RUNPATH_SEARCH_PATHS = "$(inherited) $(TOOLCHAIN_DIR)/usr/lib/swift/macosx";
				MACOSX_DEPLOYMENT_TARGET = 10.10;
				OTHER_CFLAGS = "$(inherited)";
				OTHER_LDFLAGS = "$(inherited)";
				OTHER_SWIFT_FLAGS = "$(inherited)";
				PRODUCT_BUNDLE_IDENTIFIER = XCTAssertAutolayout;
				PRODUCT_MODULE_NAME = "$(TARGET_NAME:c99extidentifier)";
				PRODUCT_NAME = "$(TARGET_NAME:c99extidentifier)";
				SKIP_INSTALL = YES;
				SWIFT_ACTIVE_COMPILATION_CONDITIONS = "$(inherited)";
				SWIFT_VERSION = 5.0;
				TARGET_NAME = XCTAssertAutolayout;
				TVOS_DEPLOYMENT_TARGET = 9.0;
				WATCHOS_DEPLOYMENT_TARGET = 2.0;
			};
			name = Debug;
		};
		OBJ_45 /* Release */ = {
			isa = XCBuildConfiguration;
			buildSettings = {
				ENABLE_TESTABILITY = YES;
				FRAMEWORK_SEARCH_PATHS = (
					"$(inherited)",
					"$(PLATFORM_DIR)/Developer/Library/Frameworks",
				);
				HEADER_SEARCH_PATHS = (
					"$(inherited)",
					"$(SRCROOT)/Sources/CXCTAssertAutolayout/include",
				);
				INFOPLIST_FILE = XCTAssertAutolayout.xcodeproj/XCTAssertAutolayout_Info.plist;
				IPHONEOS_DEPLOYMENT_TARGET = 9.0;
				LD_RUNPATH_SEARCH_PATHS = "$(inherited) $(TOOLCHAIN_DIR)/usr/lib/swift/macosx";
				MACOSX_DEPLOYMENT_TARGET = 10.10;
				OTHER_CFLAGS = "$(inherited)";
				OTHER_LDFLAGS = "$(inherited)";
				OTHER_SWIFT_FLAGS = "$(inherited)";
				PRODUCT_BUNDLE_IDENTIFIER = XCTAssertAutolayout;
				PRODUCT_MODULE_NAME = "$(TARGET_NAME:c99extidentifier)";
				PRODUCT_NAME = "$(TARGET_NAME:c99extidentifier)";
				SKIP_INSTALL = YES;
				SWIFT_ACTIVE_COMPILATION_CONDITIONS = "$(inherited)";
				SWIFT_VERSION = 5.0;
				TARGET_NAME = XCTAssertAutolayout;
				TVOS_DEPLOYMENT_TARGET = 9.0;
				WATCHOS_DEPLOYMENT_TARGET = 2.0;
			};
			name = Release;
		};
		OBJ_57 /* Debug */ = {
			isa = XCBuildConfiguration;
			buildSettings = {
				LD = /usr/bin/true;
				OTHER_SWIFT_FLAGS = "-swift-version 5 -I $(TOOLCHAIN_DIR)/usr/lib/swift/pm/4_2 -target x86_64-apple-macosx10.10 -sdk /Applications/Xcode.app/Contents/Developer/Platforms/MacOSX.platform/Developer/SDKs/MacOSX10.14.sdk";
				SWIFT_VERSION = 5.0;
			};
			name = Debug;
		};
		OBJ_58 /* Release */ = {
			isa = XCBuildConfiguration;
			buildSettings = {
				LD = /usr/bin/true;
				OTHER_SWIFT_FLAGS = "-swift-version 5 -I $(TOOLCHAIN_DIR)/usr/lib/swift/pm/4_2 -target x86_64-apple-macosx10.10 -sdk /Applications/Xcode.app/Contents/Developer/Platforms/MacOSX.platform/Developer/SDKs/MacOSX10.14.sdk";
				SWIFT_VERSION = 5.0;
			};
			name = Release;
		};
		OBJ_63 /* Debug */ = {
			isa = XCBuildConfiguration;
			buildSettings = {
			};
			name = Debug;
		};
		OBJ_64 /* Release */ = {
			isa = XCBuildConfiguration;
			buildSettings = {
			};
			name = Release;
		};
		OBJ_68 /* Debug */ = {
			isa = XCBuildConfiguration;
			buildSettings = {
				CLANG_ENABLE_MODULES = YES;
				EMBEDDED_CONTENT_CONTAINS_SWIFT = YES;
				FRAMEWORK_SEARCH_PATHS = (
					"$(inherited)",
					"$(PLATFORM_DIR)/Developer/Library/Frameworks",
				);
				HEADER_SEARCH_PATHS = (
					"$(inherited)",
					"$(SRCROOT)/Sources/CXCTAssertAutolayout/include",
				);
				INFOPLIST_FILE = XCTAssertAutolayout.xcodeproj/XCTAssertAutolayoutTests_Info.plist;
				IPHONEOS_DEPLOYMENT_TARGET = 9.0;
				LD_RUNPATH_SEARCH_PATHS = "$(inherited) @loader_path/../Frameworks @loader_path/Frameworks";
				MACOSX_DEPLOYMENT_TARGET = 10.10;
				OTHER_CFLAGS = "$(inherited)";
				OTHER_LDFLAGS = "$(inherited)";
				OTHER_SWIFT_FLAGS = "$(inherited)";
				SWIFT_ACTIVE_COMPILATION_CONDITIONS = "$(inherited)";
				SWIFT_VERSION = 5.0;
				TARGET_NAME = XCTAssertAutolayoutTests;
				TVOS_DEPLOYMENT_TARGET = 9.0;
				WATCHOS_DEPLOYMENT_TARGET = 2.0;
			};
			name = Debug;
		};
		OBJ_69 /* Release */ = {
			isa = XCBuildConfiguration;
			buildSettings = {
				CLANG_ENABLE_MODULES = YES;
				EMBEDDED_CONTENT_CONTAINS_SWIFT = YES;
				FRAMEWORK_SEARCH_PATHS = (
					"$(inherited)",
					"$(PLATFORM_DIR)/Developer/Library/Frameworks",
				);
				HEADER_SEARCH_PATHS = (
					"$(inherited)",
					"$(SRCROOT)/Sources/CXCTAssertAutolayout/include",
				);
				INFOPLIST_FILE = XCTAssertAutolayout.xcodeproj/XCTAssertAutolayoutTests_Info.plist;
				IPHONEOS_DEPLOYMENT_TARGET = 9.0;
				LD_RUNPATH_SEARCH_PATHS = "$(inherited) @loader_path/../Frameworks @loader_path/Frameworks";
				MACOSX_DEPLOYMENT_TARGET = 10.10;
				OTHER_CFLAGS = "$(inherited)";
				OTHER_LDFLAGS = "$(inherited)";
				OTHER_SWIFT_FLAGS = "$(inherited)";
				SWIFT_ACTIVE_COMPILATION_CONDITIONS = "$(inherited)";
				SWIFT_VERSION = 5.0;
				TARGET_NAME = XCTAssertAutolayoutTests;
				TVOS_DEPLOYMENT_TARGET = 9.0;
				WATCHOS_DEPLOYMENT_TARGET = 2.0;
			};
			name = Release;
		};
/* End XCBuildConfiguration section */

/* Begin XCConfigurationList section */
		OBJ_2 /* Build configuration list for PBXProject "XCTAssertAutolayout" */ = {
			isa = XCConfigurationList;
			buildConfigurations = (
				OBJ_3 /* Debug */,
				OBJ_4 /* Release */,
			);
			defaultConfigurationIsVisible = 0;
			defaultConfigurationName = Release;
		};
		OBJ_34 /* Build configuration list for PBXNativeTarget "CXCTAssertAutolayout" */ = {
			isa = XCConfigurationList;
			buildConfigurations = (
				OBJ_35 /* Debug */,
				OBJ_36 /* Release */,
			);
			defaultConfigurationIsVisible = 0;
			defaultConfigurationName = Release;
		};
		OBJ_43 /* Build configuration list for PBXNativeTarget "XCTAssertAutolayout" */ = {
			isa = XCConfigurationList;
			buildConfigurations = (
				OBJ_44 /* Debug */,
				OBJ_45 /* Release */,
			);
			defaultConfigurationIsVisible = 0;
			defaultConfigurationName = Release;
		};
		OBJ_56 /* Build configuration list for PBXNativeTarget "XCTAssertAutolayoutPackageDescription" */ = {
			isa = XCConfigurationList;
			buildConfigurations = (
				OBJ_57 /* Debug */,
				OBJ_58 /* Release */,
			);
			defaultConfigurationIsVisible = 0;
			defaultConfigurationName = Release;
		};
		OBJ_62 /* Build configuration list for PBXAggregateTarget "XCTAssertAutolayoutPackageTests" */ = {
			isa = XCConfigurationList;
			buildConfigurations = (
				OBJ_63 /* Debug */,
				OBJ_64 /* Release */,
			);
			defaultConfigurationIsVisible = 0;
			defaultConfigurationName = Release;
		};
		OBJ_67 /* Build configuration list for PBXNativeTarget "XCTAssertAutolayoutTests" */ = {
			isa = XCConfigurationList;
			buildConfigurations = (
				OBJ_68 /* Debug */,
				OBJ_69 /* Release */,
			);
			defaultConfigurationIsVisible = 0;
			defaultConfigurationName = Release;
		};
/* End XCConfigurationList section */
	};
	rootObject = OBJ_1 /* Project object */;
}
