// !$*UTF8*$!
{
	archiveVersion = 1;
	classes = {
	};
	objectVersion = 46;
	objects = {

/* Begin PBXAggregateTarget section */
		"XCTAssertAutolayout::XCTAssertAutolayoutPackageTests::ProductTarget" /* XCTAssertAutolayoutPackageTests */ = {
			isa = PBXAggregateTarget;
			buildConfigurationList = OBJ_62 /* Build configuration list for PBXAggregateTarget "XCTAssertAutolayoutPackageTests" */;
			buildPhases = (
			);
			dependencies = (
				OBJ_65 /* PBXTargetDependency */,
			);
			name = XCTAssertAutolayoutPackageTests;
			productName = XCTAssertAutolayoutPackageTests;
		};
/* End PBXAggregateTarget section */

/* Begin PBXBuildFile section */
		D258BE892296889E008ED47E /* AppDelegate.swift in Sources */ = {isa = PBXBuildFile; fileRef = D258BE882296889E008ED47E /* AppDelegate.swift */; };
		D258BE8B2296889E008ED47E /* ViewController.swift in Sources */ = {isa = PBXBuildFile; fileRef = D258BE8A2296889E008ED47E /* ViewController.swift */; };
		D258BE8E2296889E008ED47E /* Main.storyboard in Resources */ = {isa = PBXBuildFile; fileRef = D258BE8C2296889E008ED47E /* Main.storyboard */; };
		D258BE90229688A0008ED47E /* Assets.xcassets in Resources */ = {isa = PBXBuildFile; fileRef = D258BE8F229688A0008ED47E /* Assets.xcassets */; };
		D258BE93229688A0008ED47E /* LaunchScreen.storyboard in Resources */ = {isa = PBXBuildFile; fileRef = D258BE91229688A0008ED47E /* LaunchScreen.storyboard */; };
		OBJ_38 /* dummy.m in Sources */ = {isa = PBXBuildFile; fileRef = OBJ_9 /* dummy.m */; };
		OBJ_40 /* CXCTAssertAutolayout.h in Headers */ = {isa = PBXBuildFile; fileRef = OBJ_11 /* CXCTAssertAutolayout.h */; settings = {ATTRIBUTES = (Public, ); }; };
		OBJ_47 /* AssertAutolayoutContext.swift in Sources */ = {isa = PBXBuildFile; fileRef = OBJ_14 /* AssertAutolayoutContext.swift */; };
		OBJ_48 /* CFunctionInjector.swift in Sources */ = {isa = PBXBuildFile; fileRef = OBJ_15 /* CFunctionInjector.swift */; };
		OBJ_49 /* Core.swift in Sources */ = {isa = PBXBuildFile; fileRef = OBJ_16 /* Core.swift */; };
		OBJ_50 /* Node.swift in Sources */ = {isa = PBXBuildFile; fileRef = OBJ_17 /* Node.swift */; };
		OBJ_51 /* AssertAutolayout.swift in Sources */ = {isa = PBXBuildFile; fileRef = OBJ_19 /* AssertAutolayout.swift */; };
		OBJ_53 /* CXCTAssertAutolayout.framework in Frameworks */ = {isa = PBXBuildFile; fileRef = "XCTAssertAutolayout::CXCTAssertAutolayout::Product" /* CXCTAssertAutolayout.framework */; };
		OBJ_60 /* Package.swift in Sources */ = {isa = PBXBuildFile; fileRef = OBJ_6 /* Package.swift */; };
		OBJ_71 /* XCTAssertAutolayoutTests.swift in Sources */ = {isa = PBXBuildFile; fileRef = OBJ_22 /* XCTAssertAutolayoutTests.swift */; };
		OBJ_72 /* XCTestManifests.swift in Sources */ = {isa = PBXBuildFile; fileRef = OBJ_23 /* XCTestManifests.swift */; };
		OBJ_74 /* XCTAssertAutolayout.framework in Frameworks */ = {isa = PBXBuildFile; fileRef = "XCTAssertAutolayout::XCTAssertAutolayout::Product" /* XCTAssertAutolayout.framework */; };
		OBJ_75 /* CXCTAssertAutolayout.framework in Frameworks */ = {isa = PBXBuildFile; fileRef = "XCTAssertAutolayout::CXCTAssertAutolayout::Product" /* CXCTAssertAutolayout.framework */; };
/* End PBXBuildFile section */

/* Begin PBXContainerItemProxy section */
		D258BE98229688C6008ED47E /* PBXContainerItemProxy */ = {
			isa = PBXContainerItemProxy;
			containerPortal = OBJ_1 /* Project object */;
			proxyType = 1;
			remoteGlobalIDString = D258BE852296889E008ED47E;
			remoteInfo = XCTAssertAutolayoutTestApp;
		};
		D62F65462296526C00175D64 /* PBXContainerItemProxy */ = {
			isa = PBXContainerItemProxy;
			containerPortal = OBJ_1 /* Project object */;
			proxyType = 1;
			remoteGlobalIDString = "XCTAssertAutolayout::CXCTAssertAutolayout";
			remoteInfo = CXCTAssertAutolayout;
		};
		D62F65472296526C00175D64 /* PBXContainerItemProxy */ = {
			isa = PBXContainerItemProxy;
			containerPortal = OBJ_1 /* Project object */;
			proxyType = 1;
			remoteGlobalIDString = "XCTAssertAutolayout::XCTAssertAutolayout";
			remoteInfo = XCTAssertAutolayout;
		};
		D62F65482296526C00175D64 /* PBXContainerItemProxy */ = {
			isa = PBXContainerItemProxy;
			containerPortal = OBJ_1 /* Project object */;
			proxyType = 1;
			remoteGlobalIDString = "XCTAssertAutolayout::CXCTAssertAutolayout";
			remoteInfo = CXCTAssertAutolayout;
		};
		D62F65492296526D00175D64 /* PBXContainerItemProxy */ = {
			isa = PBXContainerItemProxy;
			containerPortal = OBJ_1 /* Project object */;
			proxyType = 1;
			remoteGlobalIDString = "XCTAssertAutolayout::XCTAssertAutolayoutTests";
			remoteInfo = XCTAssertAutolayoutTests;
		};
/* End PBXContainerItemProxy section */

/* Begin PBXFileReference section */
		D258BE862296889E008ED47E /* XCTAssertAutolayoutTestApp.app */ = {isa = PBXFileReference; explicitFileType = wrapper.application; includeInIndex = 0; path = XCTAssertAutolayoutTestApp.app; sourceTree = BUILT_PRODUCTS_DIR; };
		D258BE882296889E008ED47E /* AppDelegate.swift */ = {isa = PBXFileReference; lastKnownFileType = sourcecode.swift; path = AppDelegate.swift; sourceTree = "<group>"; };
		D258BE8A2296889E008ED47E /* ViewController.swift */ = {isa = PBXFileReference; lastKnownFileType = sourcecode.swift; path = ViewController.swift; sourceTree = "<group>"; };
		D258BE8D2296889E008ED47E /* Base */ = {isa = PBXFileReference; lastKnownFileType = file.storyboard; name = Base; path = Base.lproj/Main.storyboard; sourceTree = "<group>"; };
		D258BE8F229688A0008ED47E /* Assets.xcassets */ = {isa = PBXFileReference; lastKnownFileType = folder.assetcatalog; path = Assets.xcassets; sourceTree = "<group>"; };
		D258BE92229688A0008ED47E /* Base */ = {isa = PBXFileReference; lastKnownFileType = file.storyboard; name = Base; path = Base.lproj/LaunchScreen.storyboard; sourceTree = "<group>"; };
		D258BE94229688A0008ED47E /* Info.plist */ = {isa = PBXFileReference; lastKnownFileType = text.plist.xml; path = Info.plist; sourceTree = "<group>"; };
		OBJ_11 /* CXCTAssertAutolayout.h */ = {isa = PBXFileReference; lastKnownFileType = sourcecode.c.h; path = CXCTAssertAutolayout.h; sourceTree = "<group>"; };
		OBJ_14 /* AssertAutolayoutContext.swift */ = {isa = PBXFileReference; lastKnownFileType = sourcecode.swift; path = AssertAutolayoutContext.swift; sourceTree = "<group>"; };
		OBJ_15 /* CFunctionInjector.swift */ = {isa = PBXFileReference; lastKnownFileType = sourcecode.swift; path = CFunctionInjector.swift; sourceTree = "<group>"; };
		OBJ_16 /* Core.swift */ = {isa = PBXFileReference; lastKnownFileType = sourcecode.swift; path = Core.swift; sourceTree = "<group>"; };
		OBJ_17 /* Node.swift */ = {isa = PBXFileReference; lastKnownFileType = sourcecode.swift; path = Node.swift; sourceTree = "<group>"; };
		OBJ_19 /* AssertAutolayout.swift */ = {isa = PBXFileReference; lastKnownFileType = sourcecode.swift; path = AssertAutolayout.swift; sourceTree = "<group>"; };
		OBJ_22 /* XCTAssertAutolayoutTests.swift */ = {isa = PBXFileReference; lastKnownFileType = sourcecode.swift; path = XCTAssertAutolayoutTests.swift; sourceTree = "<group>"; };
		OBJ_23 /* XCTestManifests.swift */ = {isa = PBXFileReference; lastKnownFileType = sourcecode.swift; path = XCTestManifests.swift; sourceTree = "<group>"; };
		OBJ_29 /* Readme */ = {isa = PBXFileReference; lastKnownFileType = folder; path = Readme; sourceTree = SOURCE_ROOT; };
		OBJ_32 /* README.md */ = {isa = PBXFileReference; lastKnownFileType = net.daringfireball.markdown; path = README.md; sourceTree = "<group>"; };
		OBJ_6 /* Package.swift */ = {isa = PBXFileReference; explicitFileType = sourcecode.swift; path = Package.swift; sourceTree = "<group>"; };
		OBJ_9 /* dummy.m */ = {isa = PBXFileReference; lastKnownFileType = sourcecode.c.objc; path = dummy.m; sourceTree = "<group>"; };
		"XCTAssertAutolayout::CXCTAssertAutolayout::Product" /* CXCTAssertAutolayout.framework */ = {isa = PBXFileReference; lastKnownFileType = wrapper.framework; path = CXCTAssertAutolayout.framework; sourceTree = BUILT_PRODUCTS_DIR; };
		"XCTAssertAutolayout::XCTAssertAutolayout::Product" /* XCTAssertAutolayout.framework */ = {isa = PBXFileReference; lastKnownFileType = wrapper.framework; path = XCTAssertAutolayout.framework; sourceTree = BUILT_PRODUCTS_DIR; };
		"XCTAssertAutolayout::XCTAssertAutolayoutTests::Product" /* XCTAssertAutolayoutTests.xctest */ = {isa = PBXFileReference; explicitFileType = wrapper.cfbundle; path = XCTAssertAutolayoutTests.xctest; sourceTree = BUILT_PRODUCTS_DIR; };
/* End PBXFileReference section */

/* Begin PBXFrameworksBuildPhase section */
		D258BE832296889E008ED47E /* Frameworks */ = {
			isa = PBXFrameworksBuildPhase;
			buildActionMask = 2147483647;
			files = (
			);
			runOnlyForDeploymentPostprocessing = 0;
		};
		OBJ_41 /* Frameworks */ = {
			isa = PBXFrameworksBuildPhase;
			buildActionMask = 0;
			files = (
			);
			runOnlyForDeploymentPostprocessing = 0;
		};
		OBJ_52 /* Frameworks */ = {
			isa = PBXFrameworksBuildPhase;
			buildActionMask = 0;
			files = (
				OBJ_53 /* CXCTAssertAutolayout.framework in Frameworks */,
			);
			runOnlyForDeploymentPostprocessing = 0;
		};
		OBJ_73 /* Frameworks */ = {
			isa = PBXFrameworksBuildPhase;
			buildActionMask = 0;
			files = (
				OBJ_74 /* XCTAssertAutolayout.framework in Frameworks */,
				OBJ_75 /* CXCTAssertAutolayout.framework in Frameworks */,
			);
			runOnlyForDeploymentPostprocessing = 0;
		};
/* End PBXFrameworksBuildPhase section */

/* Begin PBXGroup section */
		D258BE872296889E008ED47E /* XCTAssertAutolayoutTestApp */ = {
			isa = PBXGroup;
			children = (
				D258BE882296889E008ED47E /* AppDelegate.swift */,
				D258BE8A2296889E008ED47E /* ViewController.swift */,
				D258BE8C2296889E008ED47E /* Main.storyboard */,
				D258BE8F229688A0008ED47E /* Assets.xcassets */,
				D258BE91229688A0008ED47E /* LaunchScreen.storyboard */,
				D258BE94229688A0008ED47E /* Info.plist */,
			);
			name = XCTAssertAutolayoutTestApp;
			path = Tests/XCTAssertAutolayoutTestApp;
			sourceTree = "<group>";
		};
		OBJ_10 /* include */ = {
			isa = PBXGroup;
			children = (
				OBJ_11 /* CXCTAssertAutolayout.h */,
			);
			path = include;
			sourceTree = "<group>";
		};
		OBJ_12 /* XCTAssertAutolayout */ = {
			isa = PBXGroup;
			children = (
				OBJ_13 /* Core */,
				OBJ_18 /* Front */,
			);
			name = XCTAssertAutolayout;
			path = Sources/XCTAssertAutolayout;
			sourceTree = SOURCE_ROOT;
		};
		OBJ_13 /* Core */ = {
			isa = PBXGroup;
			children = (
				OBJ_14 /* AssertAutolayoutContext.swift */,
				OBJ_15 /* CFunctionInjector.swift */,
				OBJ_16 /* Core.swift */,
				OBJ_17 /* Node.swift */,
			);
			path = Core;
			sourceTree = "<group>";
		};
		OBJ_18 /* Front */ = {
			isa = PBXGroup;
			children = (
				OBJ_19 /* AssertAutolayout.swift */,
			);
			path = Front;
			sourceTree = "<group>";
		};
		OBJ_20 /* Tests */ = {
			isa = PBXGroup;
			children = (
				OBJ_21 /* XCTAssertAutolayoutTests */,
				D258BE872296889E008ED47E /* XCTAssertAutolayoutTestApp */,
			);
			name = Tests;
			sourceTree = SOURCE_ROOT;
		};
		OBJ_21 /* XCTAssertAutolayoutTests */ = {
			isa = PBXGroup;
			children = (
				OBJ_22 /* XCTAssertAutolayoutTests.swift */,
				OBJ_23 /* XCTestManifests.swift */,
			);
			name = XCTAssertAutolayoutTests;
			path = Tests/XCTAssertAutolayoutTests;
			sourceTree = SOURCE_ROOT;
		};
		OBJ_24 /* Products */ = {
			isa = PBXGroup;
			children = (
				"XCTAssertAutolayout::CXCTAssertAutolayout::Product" /* CXCTAssertAutolayout.framework */,
				"XCTAssertAutolayout::XCTAssertAutolayout::Product" /* XCTAssertAutolayout.framework */,
				"XCTAssertAutolayout::XCTAssertAutolayoutTests::Product" /* XCTAssertAutolayoutTests.xctest */,
				D258BE862296889E008ED47E /* XCTAssertAutolayoutTestApp.app */,
			);
			name = Products;
			sourceTree = BUILT_PRODUCTS_DIR;
		};
		OBJ_5 = {
			isa = PBXGroup;
			children = (
				OBJ_6 /* Package.swift */,
				OBJ_7 /* Sources */,
				OBJ_20 /* Tests */,
				OBJ_24 /* Products */,
				OBJ_29 /* Readme */,
				OBJ_32 /* README.md */,
			);
			sourceTree = "<group>";
		};
		OBJ_7 /* Sources */ = {
			isa = PBXGroup;
			children = (
				OBJ_8 /* CXCTAssertAutolayout */,
				OBJ_12 /* XCTAssertAutolayout */,
			);
			name = Sources;
			sourceTree = SOURCE_ROOT;
		};
		OBJ_8 /* CXCTAssertAutolayout */ = {
			isa = PBXGroup;
			children = (
				OBJ_9 /* dummy.m */,
				OBJ_10 /* include */,
			);
			name = CXCTAssertAutolayout;
			path = Sources/CXCTAssertAutolayout;
			sourceTree = SOURCE_ROOT;
		};
/* End PBXGroup section */

/* Begin PBXHeadersBuildPhase section */
		OBJ_39 /* Headers */ = {
			isa = PBXHeadersBuildPhase;
			buildActionMask = 0;
			files = (
				OBJ_40 /* CXCTAssertAutolayout.h in Headers */,
			);
			runOnlyForDeploymentPostprocessing = 0;
		};
/* End PBXHeadersBuildPhase section */

/* Begin PBXNativeTarget section */
		D258BE852296889E008ED47E /* XCTAssertAutolayoutTestApp */ = {
			isa = PBXNativeTarget;
			buildConfigurationList = D258BE95229688A0008ED47E /* Build configuration list for PBXNativeTarget "XCTAssertAutolayoutTestApp" */;
			buildPhases = (
				D258BE822296889E008ED47E /* Sources */,
				D258BE832296889E008ED47E /* Frameworks */,
				D258BE842296889E008ED47E /* Resources */,
			);
			buildRules = (
			);
			dependencies = (
			);
			name = XCTAssertAutolayoutTestApp;
			productName = XCTAssertAutolayoutTestApp;
			productReference = D258BE862296889E008ED47E /* XCTAssertAutolayoutTestApp.app */;
			productType = "com.apple.product-type.application";
		};
		"XCTAssertAutolayout::CXCTAssertAutolayout" /* CXCTAssertAutolayout */ = {
			isa = PBXNativeTarget;
			buildConfigurationList = OBJ_34 /* Build configuration list for PBXNativeTarget "CXCTAssertAutolayout" */;
			buildPhases = (
				OBJ_37 /* Sources */,
				OBJ_39 /* Headers */,
				OBJ_41 /* Frameworks */,
			);
			buildRules = (
			);
			dependencies = (
			);
			name = CXCTAssertAutolayout;
			productName = CXCTAssertAutolayout;
			productReference = "XCTAssertAutolayout::CXCTAssertAutolayout::Product" /* CXCTAssertAutolayout.framework */;
			productType = "com.apple.product-type.framework";
		};
		"XCTAssertAutolayout::SwiftPMPackageDescription" /* XCTAssertAutolayoutPackageDescription */ = {
			isa = PBXNativeTarget;
			buildConfigurationList = OBJ_56 /* Build configuration list for PBXNativeTarget "XCTAssertAutolayoutPackageDescription" */;
			buildPhases = (
				OBJ_59 /* Sources */,
			);
			buildRules = (
			);
			dependencies = (
			);
			name = XCTAssertAutolayoutPackageDescription;
			productName = XCTAssertAutolayoutPackageDescription;
			productType = "com.apple.product-type.framework";
		};
		"XCTAssertAutolayout::XCTAssertAutolayout" /* XCTAssertAutolayout */ = {
			isa = PBXNativeTarget;
			buildConfigurationList = OBJ_43 /* Build configuration list for PBXNativeTarget "XCTAssertAutolayout" */;
			buildPhases = (
				OBJ_46 /* Sources */,
				OBJ_52 /* Frameworks */,
			);
			buildRules = (
			);
			dependencies = (
				OBJ_54 /* PBXTargetDependency */,
			);
			name = XCTAssertAutolayout;
			productName = XCTAssertAutolayout;
			productReference = "XCTAssertAutolayout::XCTAssertAutolayout::Product" /* XCTAssertAutolayout.framework */;
			productType = "com.apple.product-type.framework";
		};
		"XCTAssertAutolayout::XCTAssertAutolayoutTests" /* XCTAssertAutolayoutTests */ = {
			isa = PBXNativeTarget;
			buildConfigurationList = OBJ_67 /* Build configuration list for PBXNativeTarget "XCTAssertAutolayoutTests" */;
			buildPhases = (
				OBJ_70 /* Sources */,
				OBJ_73 /* Frameworks */,
			);
			buildRules = (
			);
			dependencies = (
				OBJ_76 /* PBXTargetDependency */,
				OBJ_77 /* PBXTargetDependency */,
				D258BE99229688C6008ED47E /* PBXTargetDependency */,
			);
			name = XCTAssertAutolayoutTests;
			productName = XCTAssertAutolayoutTests;
			productReference = "XCTAssertAutolayout::XCTAssertAutolayoutTests::Product" /* XCTAssertAutolayoutTests.xctest */;
			productType = "com.apple.product-type.bundle.unit-test";
		};
/* End PBXNativeTarget section */

/* Begin PBXProject section */
		OBJ_1 /* Project object */ = {
			isa = PBXProject;
			attributes = {
				LastSwiftMigration = 9999;
				LastSwiftUpdateCheck = 1020;
				LastUpgradeCheck = 9999;
				TargetAttributes = {
					D258BE852296889E008ED47E = {
						CreatedOnToolsVersion = 10.2.1;
						ProvisioningStyle = Automatic;
					};
					"XCTAssertAutolayout::XCTAssertAutolayoutTests" = {
						TestTargetID = D258BE852296889E008ED47E;
					};
				};
			};
			buildConfigurationList = OBJ_2 /* Build configuration list for PBXProject "XCTAssertAutolayout" */;
			compatibilityVersion = "Xcode 3.2";
			developmentRegion = English;
			hasScannedForEncodings = 0;
			knownRegions = (
				English,
				en,
				Base,
			);
			mainGroup = OBJ_5;
			productRefGroup = OBJ_24 /* Products */;
			projectDirPath = "";
			projectRoot = "";
			targets = (
				"XCTAssertAutolayout::CXCTAssertAutolayout" /* CXCTAssertAutolayout */,
				"XCTAssertAutolayout::XCTAssertAutolayout" /* XCTAssertAutolayout */,
				"XCTAssertAutolayout::SwiftPMPackageDescription" /* XCTAssertAutolayoutPackageDescription */,
				"XCTAssertAutolayout::XCTAssertAutolayoutPackageTests::ProductTarget" /* XCTAssertAutolayoutPackageTests */,
				"XCTAssertAutolayout::XCTAssertAutolayoutTests" /* XCTAssertAutolayoutTests */,
				D258BE852296889E008ED47E /* XCTAssertAutolayoutTestApp */,
			);
		};
/* End PBXProject section */

/* Begin PBXResourcesBuildPhase section */
		D258BE842296889E008ED47E /* Resources */ = {
			isa = PBXResourcesBuildPhase;
			buildActionMask = 2147483647;
			files = (
				D258BE93229688A0008ED47E /* LaunchScreen.storyboard in Resources */,
				D258BE90229688A0008ED47E /* Assets.xcassets in Resources */,
				D258BE8E2296889E008ED47E /* Main.storyboard in Resources */,
			);
			runOnlyForDeploymentPostprocessing = 0;
		};
/* End PBXResourcesBuildPhase section */

/* Begin PBXSourcesBuildPhase section */
		D258BE822296889E008ED47E /* Sources */ = {
			isa = PBXSourcesBuildPhase;
			buildActionMask = 2147483647;
			files = (
				D258BE8B2296889E008ED47E /* ViewController.swift in Sources */,
				D258BE892296889E008ED47E /* AppDelegate.swift in Sources */,
			);
			runOnlyForDeploymentPostprocessing = 0;
		};
		OBJ_37 /* Sources */ = {
			isa = PBXSourcesBuildPhase;
			buildActionMask = 0;
			files = (
				OBJ_38 /* dummy.m in Sources */,
			);
			runOnlyForDeploymentPostprocessing = 0;
		};
		OBJ_46 /* Sources */ = {
			isa = PBXSourcesBuildPhase;
			buildActionMask = 0;
			files = (
				OBJ_47 /* AssertAutolayoutContext.swift in Sources */,
				OBJ_48 /* CFunctionInjector.swift in Sources */,
				OBJ_49 /* Core.swift in Sources */,
				OBJ_50 /* Node.swift in Sources */,
				OBJ_51 /* AssertAutolayout.swift in Sources */,
			);
			runOnlyForDeploymentPostprocessing = 0;
		};
		OBJ_59 /* Sources */ = {
			isa = PBXSourcesBuildPhase;
			buildActionMask = 0;
			files = (
				OBJ_60 /* Package.swift in Sources */,
			);
			runOnlyForDeploymentPostprocessing = 0;
		};
		OBJ_70 /* Sources */ = {
			isa = PBXSourcesBuildPhase;
			buildActionMask = 0;
			files = (
				OBJ_71 /* XCTAssertAutolayoutTests.swift in Sources */,
				OBJ_72 /* XCTestManifests.swift in Sources */,
			);
			runOnlyForDeploymentPostprocessing = 0;
		};
/* End PBXSourcesBuildPhase section */

/* Begin PBXTargetDependency section */
		D258BE99229688C6008ED47E /* PBXTargetDependency */ = {
			isa = PBXTargetDependency;
			target = D258BE852296889E008ED47E /* XCTAssertAutolayoutTestApp */;
			targetProxy = D258BE98229688C6008ED47E /* PBXContainerItemProxy */;
		};
		OBJ_54 /* PBXTargetDependency */ = {
			isa = PBXTargetDependency;
			target = "XCTAssertAutolayout::CXCTAssertAutolayout" /* CXCTAssertAutolayout */;
			targetProxy = D62F65462296526C00175D64 /* PBXContainerItemProxy */;
		};
		OBJ_65 /* PBXTargetDependency */ = {
			isa = PBXTargetDependency;
			target = "XCTAssertAutolayout::XCTAssertAutolayoutTests" /* XCTAssertAutolayoutTests */;
			targetProxy = D62F65492296526D00175D64 /* PBXContainerItemProxy */;
		};
		OBJ_76 /* PBXTargetDependency */ = {
			isa = PBXTargetDependency;
			target = "XCTAssertAutolayout::XCTAssertAutolayout" /* XCTAssertAutolayout */;
			targetProxy = D62F65472296526C00175D64 /* PBXContainerItemProxy */;
		};
		OBJ_77 /* PBXTargetDependency */ = {
			isa = PBXTargetDependency;
			target = "XCTAssertAutolayout::CXCTAssertAutolayout" /* CXCTAssertAutolayout */;
			targetProxy = D62F65482296526C00175D64 /* PBXContainerItemProxy */;
		};
/* End PBXTargetDependency section */

/* Begin PBXVariantGroup section */
		D258BE8C2296889E008ED47E /* Main.storyboard */ = {
			isa = PBXVariantGroup;
			children = (
				D258BE8D2296889E008ED47E /* Base */,
			);
			name = Main.storyboard;
			sourceTree = "<group>";
		};
		D258BE91229688A0008ED47E /* LaunchScreen.storyboard */ = {
			isa = PBXVariantGroup;
			children = (
				D258BE92229688A0008ED47E /* Base */,
			);
			name = LaunchScreen.storyboard;
			sourceTree = "<group>";
		};
/* End PBXVariantGroup section */

/* Begin XCBuildConfiguration section */
		D258BE96229688A0008ED47E /* Debug */ = {
			isa = XCBuildConfiguration;
			buildSettings = {
				ALWAYS_SEARCH_USER_PATHS = NO;
				ASSETCATALOG_COMPILER_APPICON_NAME = AppIcon;
				CLANG_ANALYZER_NONNULL = YES;
				CLANG_ANALYZER_NUMBER_OBJECT_CONVERSION = YES_AGGRESSIVE;
				CLANG_CXX_LANGUAGE_STANDARD = "gnu++14";
				CLANG_CXX_LIBRARY = "libc++";
				CLANG_ENABLE_MODULES = YES;
				CLANG_ENABLE_OBJC_WEAK = YES;
				CLANG_WARN_BLOCK_CAPTURE_AUTORELEASING = YES;
				CLANG_WARN_BOOL_CONVERSION = YES;
				CLANG_WARN_COMMA = YES;
				CLANG_WARN_CONSTANT_CONVERSION = YES;
				CLANG_WARN_DEPRECATED_OBJC_IMPLEMENTATIONS = YES;
				CLANG_WARN_DIRECT_OBJC_ISA_USAGE = YES_ERROR;
				CLANG_WARN_DOCUMENTATION_COMMENTS = YES;
				CLANG_WARN_EMPTY_BODY = YES;
				CLANG_WARN_ENUM_CONVERSION = YES;
				CLANG_WARN_INFINITE_RECURSION = YES;
				CLANG_WARN_INT_CONVERSION = YES;
				CLANG_WARN_NON_LITERAL_NULL_CONVERSION = YES;
				CLANG_WARN_OBJC_IMPLICIT_RETAIN_SELF = YES;
				CLANG_WARN_OBJC_LITERAL_CONVERSION = YES;
				CLANG_WARN_OBJC_ROOT_CLASS = YES_ERROR;
				CLANG_WARN_RANGE_LOOP_ANALYSIS = YES;
				CLANG_WARN_STRICT_PROTOTYPES = YES;
				CLANG_WARN_SUSPICIOUS_MOVE = YES;
				CLANG_WARN_UNGUARDED_AVAILABILITY = YES_AGGRESSIVE;
				CLANG_WARN_UNREACHABLE_CODE = YES;
				CLANG_WARN__DUPLICATE_METHOD_MATCH = YES;
				CODE_SIGN_IDENTITY = "iPhone Developer";
				CODE_SIGN_STYLE = Automatic;
				ENABLE_STRICT_OBJC_MSGSEND = YES;
				ENABLE_TESTABILITY = YES;
				GCC_C_LANGUAGE_STANDARD = gnu11;
				GCC_DYNAMIC_NO_PIC = NO;
				GCC_NO_COMMON_BLOCKS = YES;
				GCC_PREPROCESSOR_DEFINITIONS = (
					"DEBUG=1",
					"$(inherited)",
				);
				GCC_WARN_64_TO_32_BIT_CONVERSION = YES;
				GCC_WARN_ABOUT_RETURN_TYPE = YES_ERROR;
				GCC_WARN_UNDECLARED_SELECTOR = YES;
				GCC_WARN_UNINITIALIZED_AUTOS = YES_AGGRESSIVE;
				GCC_WARN_UNUSED_FUNCTION = YES;
				GCC_WARN_UNUSED_VARIABLE = YES;
				INFOPLIST_FILE = Tests/XCTAssertAutolayoutTestApp/Info.plist;
				IPHONEOS_DEPLOYMENT_TARGET = 12.2;
				LD_RUNPATH_SEARCH_PATHS = "$(inherited) @executable_path/Frameworks";
				MTL_ENABLE_DEBUG_INFO = INCLUDE_SOURCE;
				MTL_FAST_MATH = YES;
				PRODUCT_BUNDLE_IDENTIFIER = com.tarunon.XCTAssertAutolayoutTestApp;
				PRODUCT_NAME = "$(TARGET_NAME)";
				SDKROOT = iphoneos;
				SWIFT_ACTIVE_COMPILATION_CONDITIONS = DEBUG;
				SWIFT_VERSION = 5.0;
				TARGETED_DEVICE_FAMILY = "1,2";
			};
			name = Debug;
		};
		D258BE97229688A0008ED47E /* Release */ = {
			isa = XCBuildConfiguration;
			buildSettings = {
				ALWAYS_SEARCH_USER_PATHS = NO;
				ASSETCATALOG_COMPILER_APPICON_NAME = AppIcon;
				CLANG_ANALYZER_NONNULL = YES;
				CLANG_ANALYZER_NUMBER_OBJECT_CONVERSION = YES_AGGRESSIVE;
				CLANG_CXX_LANGUAGE_STANDARD = "gnu++14";
				CLANG_CXX_LIBRARY = "libc++";
				CLANG_ENABLE_MODULES = YES;
				CLANG_ENABLE_OBJC_WEAK = YES;
				CLANG_WARN_BLOCK_CAPTURE_AUTORELEASING = YES;
				CLANG_WARN_BOOL_CONVERSION = YES;
				CLANG_WARN_COMMA = YES;
				CLANG_WARN_CONSTANT_CONVERSION = YES;
				CLANG_WARN_DEPRECATED_OBJC_IMPLEMENTATIONS = YES;
				CLANG_WARN_DIRECT_OBJC_ISA_USAGE = YES_ERROR;
				CLANG_WARN_DOCUMENTATION_COMMENTS = YES;
				CLANG_WARN_EMPTY_BODY = YES;
				CLANG_WARN_ENUM_CONVERSION = YES;
				CLANG_WARN_INFINITE_RECURSION = YES;
				CLANG_WARN_INT_CONVERSION = YES;
				CLANG_WARN_NON_LITERAL_NULL_CONVERSION = YES;
				CLANG_WARN_OBJC_IMPLICIT_RETAIN_SELF = YES;
				CLANG_WARN_OBJC_LITERAL_CONVERSION = YES;
				CLANG_WARN_OBJC_ROOT_CLASS = YES_ERROR;
				CLANG_WARN_RANGE_LOOP_ANALYSIS = YES;
				CLANG_WARN_STRICT_PROTOTYPES = YES;
				CLANG_WARN_SUSPICIOUS_MOVE = YES;
				CLANG_WARN_UNGUARDED_AVAILABILITY = YES_AGGRESSIVE;
				CLANG_WARN_UNREACHABLE_CODE = YES;
				CLANG_WARN__DUPLICATE_METHOD_MATCH = YES;
				CODE_SIGN_IDENTITY = "iPhone Developer";
				CODE_SIGN_STYLE = Automatic;
				COPY_PHASE_STRIP = NO;
				ENABLE_NS_ASSERTIONS = NO;
				ENABLE_STRICT_OBJC_MSGSEND = YES;
				GCC_C_LANGUAGE_STANDARD = gnu11;
				GCC_NO_COMMON_BLOCKS = YES;
				GCC_WARN_64_TO_32_BIT_CONVERSION = YES;
				GCC_WARN_ABOUT_RETURN_TYPE = YES_ERROR;
				GCC_WARN_UNDECLARED_SELECTOR = YES;
				GCC_WARN_UNINITIALIZED_AUTOS = YES_AGGRESSIVE;
				GCC_WARN_UNUSED_FUNCTION = YES;
				GCC_WARN_UNUSED_VARIABLE = YES;
				INFOPLIST_FILE = Tests/XCTAssertAutolayoutTestApp/Info.plist;
				IPHONEOS_DEPLOYMENT_TARGET = 12.2;
				LD_RUNPATH_SEARCH_PATHS = "$(inherited) @executable_path/Frameworks";
				MTL_ENABLE_DEBUG_INFO = NO;
				MTL_FAST_MATH = YES;
				PRODUCT_BUNDLE_IDENTIFIER = com.tarunon.XCTAssertAutolayoutTestApp;
				PRODUCT_NAME = "$(TARGET_NAME)";
				SDKROOT = iphoneos;
				SWIFT_VERSION = 5.0;
				TARGETED_DEVICE_FAMILY = "1,2";
				VALIDATE_PRODUCT = YES;
			};
			name = Release;
		};
		OBJ_3 /* Debug */ = {
			isa = XCBuildConfiguration;
			buildSettings = {
				CLANG_ENABLE_OBJC_ARC = YES;
				COMBINE_HIDPI_IMAGES = YES;
				COPY_PHASE_STRIP = NO;
				DEBUG_INFORMATION_FORMAT = dwarf;
				DYLIB_INSTALL_NAME_BASE = "@rpath";
				ENABLE_NS_ASSERTIONS = YES;
				GCC_OPTIMIZATION_LEVEL = 0;
				GCC_PREPROCESSOR_DEFINITIONS = (
					"$(inherited)",
					"SWIFT_PACKAGE=1",
					"DEBUG=1",
				);
				MACOSX_DEPLOYMENT_TARGET = 10.10;
				ONLY_ACTIVE_ARCH = YES;
				OTHER_SWIFT_FLAGS = "-DXcode";
				PRODUCT_NAME = "$(TARGET_NAME)";
				SDKROOT = macosx;
				SUPPORTED_PLATFORMS = "macosx iphoneos iphonesimulator appletvos appletvsimulator watchos watchsimulator";
				SWIFT_ACTIVE_COMPILATION_CONDITIONS = "$(inherited) SWIFT_PACKAGE DEBUG";
				SWIFT_OPTIMIZATION_LEVEL = "-Onone";
				USE_HEADERMAP = NO;
			};
			name = Debug;
		};
		OBJ_35 /* Debug */ = {
			isa = XCBuildConfiguration;
			buildSettings = {
				CLANG_ENABLE_MODULES = YES;
				DEFINES_MODULE = YES;
				ENABLE_TESTABILITY = YES;
				FRAMEWORK_SEARCH_PATHS = (
					"$(inherited)",
					"$(PLATFORM_DIR)/Developer/Library/Frameworks",
				);
				HEADER_SEARCH_PATHS = (
					"$(inherited)",
					"$(SRCROOT)/Sources/CXCTAssertAutolayout/include",
				);
				INFOPLIST_FILE = XCTAssertAutolayout.xcodeproj/CXCTAssertAutolayout_Info.plist;
				IPHONEOS_DEPLOYMENT_TARGET = 9.0;
				LD_RUNPATH_SEARCH_PATHS = "$(inherited) $(TOOLCHAIN_DIR)/usr/lib/swift/macosx";
				MACOSX_DEPLOYMENT_TARGET = 10.10;
				OTHER_CFLAGS = "$(inherited)";
				OTHER_LDFLAGS = "$(inherited)";
				OTHER_SWIFT_FLAGS = "$(inherited)";
				PRODUCT_BUNDLE_IDENTIFIER = CXCTAssertAutolayout;
				PRODUCT_MODULE_NAME = "$(TARGET_NAME:c99extidentifier)";
				PRODUCT_NAME = "$(TARGET_NAME:c99extidentifier)";
				SKIP_INSTALL = YES;
				SWIFT_ACTIVE_COMPILATION_CONDITIONS = "$(inherited)";
				TARGET_NAME = CXCTAssertAutolayout;
				TVOS_DEPLOYMENT_TARGET = 9.0;
				WATCHOS_DEPLOYMENT_TARGET = 2.0;
			};
			name = Debug;
		};
		OBJ_36 /* Release */ = {
			isa = XCBuildConfiguration;
			buildSettings = {
				CLANG_ENABLE_MODULES = YES;
				DEFINES_MODULE = YES;
				ENABLE_TESTABILITY = YES;
				FRAMEWORK_SEARCH_PATHS = (
					"$(inherited)",
					"$(PLATFORM_DIR)/Developer/Library/Frameworks",
				);
				HEADER_SEARCH_PATHS = (
					"$(inherited)",
					"$(SRCROOT)/Sources/CXCTAssertAutolayout/include",
				);
				INFOPLIST_FILE = XCTAssertAutolayout.xcodeproj/CXCTAssertAutolayout_Info.plist;
				IPHONEOS_DEPLOYMENT_TARGET = 9.0;
				LD_RUNPATH_SEARCH_PATHS = "$(inherited) $(TOOLCHAIN_DIR)/usr/lib/swift/macosx";
				MACOSX_DEPLOYMENT_TARGET = 10.10;
				OTHER_CFLAGS = "$(inherited)";
				OTHER_LDFLAGS = "$(inherited)";
				OTHER_SWIFT_FLAGS = "$(inherited)";
				PRODUCT_BUNDLE_IDENTIFIER = CXCTAssertAutolayout;
				PRODUCT_MODULE_NAME = "$(TARGET_NAME:c99extidentifier)";
				PRODUCT_NAME = "$(TARGET_NAME:c99extidentifier)";
				SKIP_INSTALL = YES;
				SWIFT_ACTIVE_COMPILATION_CONDITIONS = "$(inherited)";
				TARGET_NAME = CXCTAssertAutolayout;
				TVOS_DEPLOYMENT_TARGET = 9.0;
				WATCHOS_DEPLOYMENT_TARGET = 2.0;
			};
			name = Release;
		};
		OBJ_4 /* Release */ = {
			isa = XCBuildConfiguration;
			buildSettings = {
				CLANG_ENABLE_OBJC_ARC = YES;
				COMBINE_HIDPI_IMAGES = YES;
				COPY_PHASE_STRIP = YES;
				DEBUG_INFORMATION_FORMAT = "dwarf-with-dsym";
				DYLIB_INSTALL_NAME_BASE = "@rpath";
				GCC_OPTIMIZATION_LEVEL = s;
				GCC_PREPROCESSOR_DEFINITIONS = (
					"$(inherited)",
					"SWIFT_PACKAGE=1",
				);
				MACOSX_DEPLOYMENT_TARGET = 10.10;
				OTHER_SWIFT_FLAGS = "-DXcode";
				PRODUCT_NAME = "$(TARGET_NAME)";
				SDKROOT = macosx;
				SUPPORTED_PLATFORMS = "macosx iphoneos iphonesimulator appletvos appletvsimulator watchos watchsimulator";
				SWIFT_ACTIVE_COMPILATION_CONDITIONS = "$(inherited) SWIFT_PACKAGE";
				SWIFT_OPTIMIZATION_LEVEL = "-Owholemodule";
				USE_HEADERMAP = NO;
			};
			name = Release;
		};
		OBJ_44 /* Debug */ = {
			isa = XCBuildConfiguration;
			buildSettings = {
				ENABLE_TESTABILITY = YES;
				FRAMEWORK_SEARCH_PATHS = (
					"$(inherited)",
					"$(PLATFORM_DIR)/Developer/Library/Frameworks",
				);
				HEADER_SEARCH_PATHS = (
					"$(inherited)",
					"$(SRCROOT)/Sources/CXCTAssertAutolayout/include",
				);
				INFOPLIST_FILE = XCTAssertAutolayout.xcodeproj/XCTAssertAutolayout_Info.plist;
				IPHONEOS_DEPLOYMENT_TARGET = 9.0;
				LD_RUNPATH_SEARCH_PATHS = "$(inherited) $(TOOLCHAIN_DIR)/usr/lib/swift/macosx";
				MACOSX_DEPLOYMENT_TARGET = 10.10;
				OTHER_CFLAGS = "$(inherited)";
				OTHER_LDFLAGS = "$(inherited)";
				OTHER_SWIFT_FLAGS = "$(inherited)";
				PRODUCT_BUNDLE_IDENTIFIER = XCTAssertAutolayout;
				PRODUCT_MODULE_NAME = "$(TARGET_NAME:c99extidentifier)";
				PRODUCT_NAME = "$(TARGET_NAME:c99extidentifier)";
				SKIP_INSTALL = YES;
				SWIFT_ACTIVE_COMPILATION_CONDITIONS = "$(inherited)";
				SWIFT_VERSION = 5.0;
				TARGET_NAME = XCTAssertAutolayout;
				TVOS_DEPLOYMENT_TARGET = 9.0;
				WATCHOS_DEPLOYMENT_TARGET = 2.0;
			};
			name = Debug;
		};
		OBJ_45 /* Release */ = {
			isa = XCBuildConfiguration;
			buildSettings = {
				ENABLE_TESTABILITY = YES;
				FRAMEWORK_SEARCH_PATHS = (
					"$(inherited)",
					"$(PLATFORM_DIR)/Developer/Library/Frameworks",
				);
				HEADER_SEARCH_PATHS = (
					"$(inherited)",
					"$(SRCROOT)/Sources/CXCTAssertAutolayout/include",
				);
				INFOPLIST_FILE = XCTAssertAutolayout.xcodeproj/XCTAssertAutolayout_Info.plist;
				IPHONEOS_DEPLOYMENT_TARGET = 9.0;
				LD_RUNPATH_SEARCH_PATHS = "$(inherited) $(TOOLCHAIN_DIR)/usr/lib/swift/macosx";
				MACOSX_DEPLOYMENT_TARGET = 10.10;
				OTHER_CFLAGS = "$(inherited)";
				OTHER_LDFLAGS = "$(inherited)";
				OTHER_SWIFT_FLAGS = "$(inherited)";
				PRODUCT_BUNDLE_IDENTIFIER = XCTAssertAutolayout;
				PRODUCT_MODULE_NAME = "$(TARGET_NAME:c99extidentifier)";
				PRODUCT_NAME = "$(TARGET_NAME:c99extidentifier)";
				SKIP_INSTALL = YES;
				SWIFT_ACTIVE_COMPILATION_CONDITIONS = "$(inherited)";
				SWIFT_VERSION = 5.0;
				TARGET_NAME = XCTAssertAutolayout;
				TVOS_DEPLOYMENT_TARGET = 9.0;
				WATCHOS_DEPLOYMENT_TARGET = 2.0;
			};
			name = Release;
		};
		OBJ_57 /* Debug */ = {
			isa = XCBuildConfiguration;
			buildSettings = {
				LD = /usr/bin/true;
				OTHER_SWIFT_FLAGS = "-swift-version 5 -I $(TOOLCHAIN_DIR)/usr/lib/swift/pm/4_2 -target x86_64-apple-macosx10.10 -sdk /Applications/Xcode.app/Contents/Developer/Platforms/MacOSX.platform/Developer/SDKs/MacOSX10.14.sdk";
				SWIFT_VERSION = 5.0;
			};
			name = Debug;
		};
		OBJ_58 /* Release */ = {
			isa = XCBuildConfiguration;
			buildSettings = {
				LD = /usr/bin/true;
				OTHER_SWIFT_FLAGS = "-swift-version 5 -I $(TOOLCHAIN_DIR)/usr/lib/swift/pm/4_2 -target x86_64-apple-macosx10.10 -sdk /Applications/Xcode.app/Contents/Developer/Platforms/MacOSX.platform/Developer/SDKs/MacOSX10.14.sdk";
				SWIFT_VERSION = 5.0;
			};
			name = Release;
		};
		OBJ_63 /* Debug */ = {
			isa = XCBuildConfiguration;
			buildSettings = {
			};
			name = Debug;
		};
		OBJ_64 /* Release */ = {
			isa = XCBuildConfiguration;
			buildSettings = {
			};
			name = Release;
		};
		OBJ_68 /* Debug */ = {
			isa = XCBuildConfiguration;
			buildSettings = {
				CLANG_ENABLE_MODULES = YES;
				EMBEDDED_CONTENT_CONTAINS_SWIFT = YES;
				FRAMEWORK_SEARCH_PATHS = (
					"$(inherited)",
					"$(PLATFORM_DIR)/Developer/Library/Frameworks",
				);
				HEADER_SEARCH_PATHS = (
					"$(inherited)",
					"$(SRCROOT)/Sources/CXCTAssertAutolayout/include",
				);
				INFOPLIST_FILE = XCTAssertAutolayout.xcodeproj/XCTAssertAutolayoutTests_Info.plist;
				IPHONEOS_DEPLOYMENT_TARGET = 9.0;
				LD_RUNPATH_SEARCH_PATHS = "$(inherited) @loader_path/../Frameworks @loader_path/Frameworks";
				MACOSX_DEPLOYMENT_TARGET = 10.10;
				OTHER_CFLAGS = "$(inherited)";
				OTHER_LDFLAGS = "$(inherited)";
				OTHER_SWIFT_FLAGS = "$(inherited)";
				SWIFT_ACTIVE_COMPILATION_CONDITIONS = "$(inherited)";
				SWIFT_VERSION = 5.0;
				TARGET_NAME = XCTAssertAutolayoutTests;
				TEST_HOST = "$(BUILT_PRODUCTS_DIR)/XCTAssertAutolayoutTestApp.app/XCTAssertAutolayoutTestApp";
				TVOS_DEPLOYMENT_TARGET = 9.0;
				WATCHOS_DEPLOYMENT_TARGET = 2.0;
			};
			name = Debug;
		};
		OBJ_69 /* Release */ = {
			isa = XCBuildConfiguration;
			buildSettings = {
				CLANG_ENABLE_MODULES = YES;
				EMBEDDED_CONTENT_CONTAINS_SWIFT = YES;
				FRAMEWORK_SEARCH_PATHS = (
					"$(inherited)",
					"$(PLATFORM_DIR)/Developer/Library/Frameworks",
				);
				HEADER_SEARCH_PATHS = (
					"$(inherited)",
					"$(SRCROOT)/Sources/CXCTAssertAutolayout/include",
				);
				INFOPLIST_FILE = XCTAssertAutolayout.xcodeproj/XCTAssertAutolayoutTests_Info.plist;
				IPHONEOS_DEPLOYMENT_TARGET = 9.0;
				LD_RUNPATH_SEARCH_PATHS = "$(inherited) @loader_path/../Frameworks @loader_path/Frameworks";
				MACOSX_DEPLOYMENT_TARGET = 10.10;
				OTHER_CFLAGS = "$(inherited)";
				OTHER_LDFLAGS = "$(inherited)";
				OTHER_SWIFT_FLAGS = "$(inherited)";
				SWIFT_ACTIVE_COMPILATION_CONDITIONS = "$(inherited)";
				SWIFT_VERSION = 5.0;
				TARGET_NAME = XCTAssertAutolayoutTests;
				TEST_HOST = "$(BUILT_PRODUCTS_DIR)/XCTAssertAutolayoutTestApp.app/XCTAssertAutolayoutTestApp";
				TVOS_DEPLOYMENT_TARGET = 9.0;
				WATCHOS_DEPLOYMENT_TARGET = 2.0;
			};
			name = Release;
		};
/* End XCBuildConfiguration section */

/* Begin XCConfigurationList section */
		D258BE95229688A0008ED47E /* Build configuration list for PBXNativeTarget "XCTAssertAutolayoutTestApp" */ = {
			isa = XCConfigurationList;
			buildConfigurations = (
				D258BE96229688A0008ED47E /* Debug */,
				D258BE97229688A0008ED47E /* Release */,
			);
			defaultConfigurationIsVisible = 0;
			defaultConfigurationName = Release;
		};
		OBJ_2 /* Build configuration list for PBXProject "XCTAssertAutolayout" */ = {
			isa = XCConfigurationList;
			buildConfigurations = (
				OBJ_3 /* Debug */,
				OBJ_4 /* Release */,
			);
			defaultConfigurationIsVisible = 0;
			defaultConfigurationName = Release;
		};
		OBJ_34 /* Build configuration list for PBXNativeTarget "CXCTAssertAutolayout" */ = {
			isa = XCConfigurationList;
			buildConfigurations = (
				OBJ_35 /* Debug */,
				OBJ_36 /* Release */,
			);
			defaultConfigurationIsVisible = 0;
			defaultConfigurationName = Release;
		};
		OBJ_43 /* Build configuration list for PBXNativeTarget "XCTAssertAutolayout" */ = {
			isa = XCConfigurationList;
			buildConfigurations = (
				OBJ_44 /* Debug */,
				OBJ_45 /* Release */,
			);
			defaultConfigurationIsVisible = 0;
			defaultConfigurationName = Release;
		};
		OBJ_56 /* Build configuration list for PBXNativeTarget "XCTAssertAutolayoutPackageDescription" */ = {
			isa = XCConfigurationList;
			buildConfigurations = (
				OBJ_57 /* Debug */,
				OBJ_58 /* Release */,
			);
			defaultConfigurationIsVisible = 0;
			defaultConfigurationName = Release;
		};
		OBJ_62 /* Build configuration list for PBXAggregateTarget "XCTAssertAutolayoutPackageTests" */ = {
			isa = XCConfigurationList;
			buildConfigurations = (
				OBJ_63 /* Debug */,
				OBJ_64 /* Release */,
			);
			defaultConfigurationIsVisible = 0;
			defaultConfigurationName = Release;
		};
		OBJ_67 /* Build configuration list for PBXNativeTarget "XCTAssertAutolayoutTests" */ = {
			isa = XCConfigurationList;
			buildConfigurations = (
				OBJ_68 /* Debug */,
				OBJ_69 /* Release */,
			);
			defaultConfigurationIsVisible = 0;
			defaultConfigurationName = Release;
		};
/* End XCConfigurationList section */
	};
	rootObject = OBJ_1 /* Project object */;
}
