{
  "object": {
    "pins": [
      {
        "package": "XCTAssertAutolayout",
        "repositoryURL": "https://github.com/tarunon/XCTAssertAutolayout.git",
        "state": {
          "branch": "master",
          "revision": "77afddd156a0a6ee782e6b1efd08702df1ae9db2",
          "version": null
        }
      }
    ]
  },
  "version": 1
}
